# This file is automatically @generated by Cargo.
# It is not intended for manual editing.
version = 3

[[package]]
name = "cfg-if"
version = "1.0.0"
source = "registry+https://github.com/rust-lang/crates.io-index"
checksum = "baf1de4339761588bc0619e3cbc0120ee582ebb74b53b4efbf79117bd2da40fd"

[[package]]
name = "firststep"
version = "0.1.0"
dependencies = [
 "sqlparser",
]

[[package]]
name = "log"
version = "0.4.17"
source = "registry+https://github.com/rust-lang/crates.io-index"
checksum = "abb12e687cfb44aa40f41fc3978ef76448f9b6038cad6aef4259d3c095a2382e"
dependencies = [
 "cfg-if",
]

[[package]]
name = "sqlparser"
version = "0.28.0"
source = "registry+https://github.com/rust-lang/crates.io-index"
checksum = "249ae674b9f636b8ff64d8bfe218774cf05a26de40fd9f358669dccc4c0a9d7d"
dependencies = [
 "log",
]
