# This file is automatically @generated by Cargo.
# It is not intended for manual editing.
version = 3

[[package]]
name = "log"
version = "0.4.22"
source = "registry+https://github.com/rust-lang/crates.io-index"
checksum = "a7a70ba024b9dc04c27ea2f0c0548feb474ec5c54bba33a7f72f873a39d07b24"

[[package]]
name = "secondstep"
version = "0.1.0"
dependencies = [
 "sqlparser",
]

[[package]]
name = "sqlparser"
version = "0.49.0"
source = "registry+https://github.com/rust-lang/crates.io-index"
checksum = "a4a404d0e14905361b918cb8afdb73605e25c1d5029312bd9785142dcb3aa49e"
dependencies = [
 "log",
]
